PODS:
  - ADDynamicLogLevel (2.1.0):
    - CocoaLumberjack (~> 3.0)
  - ADFormController (6.0.3):
    - ADKeyboardManager (~> 6.0)
  - ADKeyboardManager (6.0.0)
  - ADUtils (9.4.0):
    - ADUtils/objc (= 9.4.0)
  - ADUtils/objc (9.4.0):
    - ADUtils/Swift
  - ADUtils/Swift (9.4.0)
  - Alamofire (4.9.1)
  - CocoaLumberjack (3.7.0):
    - CocoaLumberjack/Core (= 3.7.0)
  - CocoaLumberjack/Core (3.7.0)
  - CocoaLumberjack/Swift (3.7.0):
    - CocoaLumberjack/Core
  - FBSnapshotTestCase (2.1.4):
    - FBSnapshotTestCase/SwiftSupport (= 2.1.4)
  - FBSnapshotTestCase/Core (2.1.4)
  - FBSnapshotTestCase/SwiftSupport (2.1.4):
    - FBSnapshotTestCase/Core
  - Nimble (8.1.2)
  - Nimble-Snapshots (4.3.0):
    - Nimble-Snapshots/Core (= 4.3.0)
  - Nimble-Snapshots/Core (4.3.0):
    - FBSnapshotTestCase (~> 2.0)
    - Nimble
    - Quick
  - OCMock (3.8.1)
  - Quick (2.2.1)
  - Watchdog (4.0)

DEPENDENCIES:
  - ADDynamicLogLevel (~> 2.0)
  - ADFormController (from `./`)
  - ADUtils (~> 9.3)
  - Alamofire (~> 4.8)
  - CocoaLumberjack/Swift (~> 3.5)
  - FBSnapshotTestCase (~> 2.1)
  - Nimble (~> 8.0)
  - Nimble-Snapshots (~> 4.3.0)
  - OCMock (~> 3.3)
  - Quick (~> 2.1)
  - Watchdog (~> 4.0)

SPEC REPOS:
  https://github.com/CocoaPods/Specs.git:
    - ADKeyboardManager
    - ADUtils
    - Alamofire
    - CocoaLumberjack
    - FBSnapshotTestCase
    - Nimble
    - Nimble-Snapshots
    - OCMock
    - Quick
    - Watchdog
  "ssh://git@codereview.technologies.fabernovel.com:29418/CocoaPodsSpecs":
    - ADDynamicLogLevel

EXTERNAL SOURCES:
  ADFormController:
    :path: "./"

SPEC CHECKSUMS:
  ADDynamicLogLevel: 7b576c84ef7a96ae1aa115e66516fc68f1e86de1
  ADFormController: 95290c99fc0264e0335d090e61cf595c0b324009
  ADKeyboardManager: a9dce48b8d2306c1fca5deb46d04fa8472516fe2
  ADUtils: c3521517403e01ae41ea9e37235fd637777f574c
  Alamofire: 85e8a02c69d6020a0d734f6054870d7ecb75cf18
  CocoaLumberjack: e8955b9d337ac307103b0a34fd141c32f27e53c5
  FBSnapshotTestCase: 094f9f314decbabe373b87cc339bea235a63e07a
  Nimble: 3864815b4703c7ebffba875973c70e854489fbae
  Nimble-Snapshots: 4ba722c35b73a680cbd856e4bc22076dfb8085d4
  OCMock: 29f6e52085b4e7d9b075cbf03ed7c3112f82f934
  Quick: f5754d69b7013f5864c29aab9ae6f0c79c5bc200
  Watchdog: 370d2c2a58c9bede0e3f9b8cc26bf297745c31c2

PODFILE CHECKSUM: dadcf27961b92a3718adc4924741ea82ddfcfa37

COCOAPODS: 1.10.0
