PODS:
  - ADFormController (6.1.0):
    - ADKeyboardManager (~> 7.0)
  - ADKeyboardManager (7.0.0)
  - ADUtils (11.5.0):
    - ADUtils/objc (= 11.5.0)
  - ADUtils/objc (11.5.0):
    - ADUtils/Swift
  - ADUtils/Swift (11.5.0)
  - Alamofire (5.9.1)
  - CocoaLumberjack/Core (3.8.5)
  - CocoaLumberjack/Swift (3.8.5):
    - CocoaLumberjack/Core
  - CwlCatchException (2.2.0):
    - CwlCatchExceptionSupport (~> 2.2.0)
  - CwlCatchExceptionSupport (2.2.0)
  - CwlMachBadInstructionHandler (2.2.0)
  - CwlPosixPreconditionTesting (2.2.0)
  - CwlPreconditionTesting (2.2.1):
    - CwlCatchException (~> 2.2.0)
    - CwlMachBadInstructionHandler (~> 2.2.0)
    - CwlPosixPreconditionTesting (~> 2.2.0)
  - FBSnapshotTestCase (2.1.4):
    - FBSnapshotTestCase/SwiftSupport (= 2.1.4)
  - FBSnapshotTestCase/Core (2.1.4)
  - FBSnapshotTestCase/SwiftSupport (2.1.4):
    - FBSnapshotTestCase/Core
  - iOSSnapshotTestCase (8.0.0):
    - iOSSnapshotTestCase/SwiftSupport (= 8.0.0)
  - iOSSnapshotTestCase/Core (8.0.0)
  - iOSSnapshotTestCase/SwiftSupport (8.0.0):
    - iOSSnapshotTestCase/Core
  - Nimble (13.3.0):
    - CwlPreconditionTesting (~> 2.2.0)
  - Nimble-Snapshots (9.7.0):
    - Nimble-Snapshots/Core (= 9.7.0)
  - Nimble-Snapshots/Core (9.7.0):
    - iOSSnapshotTestCase (~> 8.0)
    - Nimble (~> 13.0)
  - OCMock (3.9.3)
  - Quick (7.5.0)
  - Watchdog (5.2)

DEPENDENCIES:
  - ADFormController (from `./`)
  - ADUtils (~> 11.0)
  - Alamofire (~> 5.0)
  - CocoaLumberjack/Swift (~> 3.5)
  - FBSnapshotTestCase (~> 2.1)
  - Nimble (~> 13.0)
  - Nimble-Snapshots (~> 9.3)
  - OCMock (~> 3.3)
  - Quick (~> 7.0)
  - Watchdog (~> 5.0)

SPEC REPOS:
  trunk:
    - ADKeyboardManager
    - ADUtils
    - Alamofire
    - CocoaLumberjack
    - CwlCatchException
    - CwlCatchExceptionSupport
    - CwlMachBadInstructionHandler
    - CwlPosixPreconditionTesting
    - CwlPreconditionTesting
    - FBSnapshotTestCase
    - iOSSnapshotTestCase
    - Nimble
    - Nimble-Snapshots
    - OCMock
    - Quick
    - Watchdog

EXTERNAL SOURCES:
  ADFormController:
    :path: "./"

SPEC CHECKSUMS:
  ADFormController: 417d1a2fde612aefd8f18ecf7844de295019bf8a
  ADKeyboardManager: bb6558207259e9902c6d8d03fb08c64dbd620a55
  ADUtils: 8b9f64a118d331268d20e67617c7f037f6c59000
  Alamofire: f36a35757af4587d8e4f4bfa223ad10be2422b8c
  CocoaLumberjack: 6a459bc897d6d80bd1b8c78482ec7ad05dffc3f0
  CwlCatchException: 51bf8319009a31104ea6f0568730d1ecc25b6454
  CwlCatchExceptionSupport: 1345d6adb01a505933f2bc972dab60dcb9ce3e50
  CwlMachBadInstructionHandler: ea1030428925d9bf340882522af30712fb4bf356
  CwlPosixPreconditionTesting: a125dee731883f2582715f548c6b6c92c7fde145
  CwlPreconditionTesting: ccfd08aca58d14e04062b2a3dd2fd52e09857453
  FBSnapshotTestCase: 094f9f314decbabe373b87cc339bea235a63e07a
  iOSSnapshotTestCase: a670511f9ee3829c2b9c23e6e68f315fd7b6790f
  Nimble: 3ac6c6b0b7e9835d1540b6507d8054b12a415536
  Nimble-Snapshots: 7f2710c507469eb0fc4912f45d0f280e15f91966
  OCMock: 300b1b1b9155cb6378660b981c2557448830bdc6
  Quick: 2b651168441479b949ba987f3cee41a9cc53aa32
  Watchdog: 622647e6bc5a55665e6dbae0b7831ad8d95abeab

PODFILE CHECKSUM: 3ff7a441e7e1e18c0c7087b3982d9b60c018c630

COCOAPODS: 1.15.2
